PODS:
  - DXVideoPlay (1.0.6):
    - SnapKit
  - SnapKit (4.2.0)

DEPENDENCIES:
  - DXVideoPlay (from `../`)

SPEC REPOS:
  trunk:
    - SnapKit

EXTERNAL SOURCES:
  DXVideoPlay:
    :path: "../"

SPEC CHECKSUMS:
  DXVideoPlay: 0c5c15131ccc1ed0105c864644344e8f56be60cc
  SnapKit: fe8a619752f3f27075cc9a90244d75c6c3f27e2a

PODFILE CHECKSUM: e527a2d300a98b42d1045f6b70585bfd0a61b637

COCOAPODS: 1.11.3
